// !$*UTF8*$!
{
	archiveVersion = 1;
	classes = {
	};
	objectVersion = 77;
	objects = {

/* Begin PBXBuildFile section */
		E13523462DB9250B00A59AE5 /* InlineSnapshotTesting in Frameworks */ = {isa = PBXBuildFile; productRef = E13523452DB9250B00A59AE5 /* InlineSnapshotTesting */; };
		E13523482DB9250B00A59AE5 /* SnapshotTesting in Frameworks */ = {isa = PBXBuildFile; productRef = E13523472DB9250B00A59AE5 /* SnapshotTesting */; };
		E135234A2DB9250B00A59AE5 /* SnapshotTestingCustomDump in Frameworks */ = {isa = PBXBuildFile; productRef = E13523492DB9250B00A59AE5 /* SnapshotTestingCustomDump */; };
		E135234D2DB9251A00A59AE5 /* ViewControllerPresentationSpy in Frameworks */ = {isa = PBXBuildFile; productRef = E135234C2DB9251A00A59AE5 /* ViewControllerPresentationSpy */; };
		E1E03D092D21D47A00C09C65 /* SnapKit in Frameworks */ = {isa = PBXBuildFile; productRef = E1E03D082D21D47A00C09C65 /* SnapKit */; };
/* End PBXBuildFile section */

/* Begin PBXContainerItemProxy section */
		E10C6A1F2DB81D0900802DB0 /* PBXContainerItemProxy */ = {
			isa = PBXContainerItemProxy;
			containerPortal = E1E03CE72D21D43200C09C65 /* Project object */;
			proxyType = 1;
			remoteGlobalIDString = E1E03CEE2D21D43200C09C65;
			remoteInfo = iTunesUserDefaultsMVC;
		};
		E10C6A2E2DB81D1600802DB0 /* PBXContainerItemProxy */ = {
			isa = PBXContainerItemProxy;
			containerPortal = E1E03CE72D21D43200C09C65 /* Project object */;
			proxyType = 1;
			remoteGlobalIDString = E1E03CEE2D21D43200C09C65;
			remoteInfo = iTunesUserDefaultsMVC;
		};
/* End PBXContainerItemProxy section */

/* Begin PBXFileReference section */
		E10C6A1B2DB81D0900802DB0 /* ITunesTests.xctest */ = {isa = PBXFileReference; explicitFileType = wrapper.cfbundle; includeInIndex = 0; path = ITunesTests.xctest; sourceTree = BUILT_PRODUCTS_DIR; };
		E10C6A282DB81D1600802DB0 /* ITunesUITests.xctest */ = {isa = PBXFileReference; explicitFileType = wrapper.cfbundle; includeInIndex = 0; path = ITunesUITests.xctest; sourceTree = BUILT_PRODUCTS_DIR; };
		E1E03CEF2D21D43200C09C65 /* iTunesUserDefaultsMVC.app */ = {isa = PBXFileReference; explicitFileType = wrapper.application; includeInIndex = 0; path = iTunesUserDefaultsMVC.app; sourceTree = BUILT_PRODUCTS_DIR; };
/* End PBXFileReference section */

/* Begin PBXFileSystemSynchronizedBuildFileExceptionSet section */
		E1E03D012D21D43400C09C65 /* Exceptions for "iTunesUserDefaultsMVC" folder in "iTunesUserDefaultsMVC" target */ = {
			isa = PBXFileSystemSynchronizedBuildFileExceptionSet;
			membershipExceptions = (
				Resources/Info.plist,
			);
			target = E1E03CEE2D21D43200C09C65 /* iTunesUserDefaultsMVC */;
		};
/* End PBXFileSystemSynchronizedBuildFileExceptionSet section */

/* Begin PBXFileSystemSynchronizedRootGroup section */
		E10C6A1C2DB81D0900802DB0 /* ITunesTests */ = {
			isa = PBXFileSystemSynchronizedRootGroup;
			path = ITunesTests;
			sourceTree = "<group>";
		};
		E10C6A292DB81D1600802DB0 /* ITunesUITests */ = {
			isa = PBXFileSystemSynchronizedRootGroup;
			path = ITunesUITests;
			sourceTree = "<group>";
		};
		E1E03CF12D21D43200C09C65 /* iTunesUserDefaultsMVC */ = {
			isa = PBXFileSystemSynchronizedRootGroup;
			exceptions = (
				E1E03D012D21D43400C09C65 /* Exceptions for "iTunesUserDefaultsMVC" folder in "iTunesUserDefaultsMVC" target */,
			);
			path = iTunesUserDefaultsMVC;
			sourceTree = "<group>";
		};
/* End PBXFileSystemSynchronizedRootGroup section */

/* Begin PBXFrameworksBuildPhase section */
		E10C6A182DB81D0900802DB0 /* Frameworks */ = {
			isa = PBXFrameworksBuildPhase;
			buildActionMask = 2147483647;
			files = (
				E135234D2DB9251A00A59AE5 /* ViewControllerPresentationSpy in Frameworks */,
				E135234A2DB9250B00A59AE5 /* SnapshotTestingCustomDump in Frameworks */,
				E13523462DB9250B00A59AE5 /* InlineSnapshotTesting in Frameworks */,
				E13523482DB9250B00A59AE5 /* SnapshotTesting in Frameworks */,
			);
			runOnlyForDeploymentPostprocessing = 0;
		};
		E10C6A252DB81D1600802DB0 /* Frameworks */ = {
			isa = PBXFrameworksBuildPhase;
			buildActionMask = 2147483647;
			files = (
			);
			runOnlyForDeploymentPostprocessing = 0;
		};
		E1E03CEC2D21D43200C09C65 /* Frameworks */ = {
			isa = PBXFrameworksBuildPhase;
			buildActionMask = 2147483647;
			files = (
				E1E03D092D21D47A00C09C65 /* SnapKit in Frameworks */,
			);
			runOnlyForDeploymentPostprocessing = 0;
		};
/* End PBXFrameworksBuildPhase section */

/* Begin PBXGroup section */
		E1E03CE62D21D43200C09C65 = {
			isa = PBXGroup;
			children = (
				E1E03CF12D21D43200C09C65 /* iTunesUserDefaultsMVC */,
				E10C6A1C2DB81D0900802DB0 /* ITunesTests */,
				E10C6A292DB81D1600802DB0 /* ITunesUITests */,
				E1E03CF02D21D43200C09C65 /* Products */,
			);
			sourceTree = "<group>";
		};
		E1E03CF02D21D43200C09C65 /* Products */ = {
			isa = PBXGroup;
			children = (
				E1E03CEF2D21D43200C09C65 /* iTunesUserDefaultsMVC.app */,
				E10C6A1B2DB81D0900802DB0 /* ITunesTests.xctest */,
				E10C6A282DB81D1600802DB0 /* ITunesUITests.xctest */,
			);
			name = Products;
			sourceTree = "<group>";
		};
/* End PBXGroup section */

/* Begin PBXNativeTarget section */
		E10C6A1A2DB81D0900802DB0 /* ITunesTests */ = {
			isa = PBXNativeTarget;
			buildConfigurationList = E10C6A212DB81D0900802DB0 /* Build configuration list for PBXNativeTarget "ITunesTests" */;
			buildPhases = (
				E10C6A172DB81D0900802DB0 /* Sources */,
				E10C6A182DB81D0900802DB0 /* Frameworks */,
				E10C6A192DB81D0900802DB0 /* Resources */,
			);
			buildRules = (
			);
			dependencies = (
				E10C6A202DB81D0900802DB0 /* PBXTargetDependency */,
			);
			fileSystemSynchronizedGroups = (
				E10C6A1C2DB81D0900802DB0 /* ITunesTests */,
			);
			name = ITunesTests;
			packageProductDependencies = (
				E13523452DB9250B00A59AE5 /* InlineSnapshotTesting */,
				E13523472DB9250B00A59AE5 /* SnapshotTesting */,
				E13523492DB9250B00A59AE5 /* SnapshotTestingCustomDump */,
				E135234C2DB9251A00A59AE5 /* ViewControllerPresentationSpy */,
			);
			productName = ITunesTests;
			productReference = E10C6A1B2DB81D0900802DB0 /* ITunesTests.xctest */;
			productType = "com.apple.product-type.bundle.unit-test";
		};
		E10C6A272DB81D1600802DB0 /* ITunesUITests */ = {
			isa = PBXNativeTarget;
			buildConfigurationList = E10C6A302DB81D1600802DB0 /* Build configuration list for PBXNativeTarget "ITunesUITests" */;
			buildPhases = (
				E10C6A242DB81D1600802DB0 /* Sources */,
				E10C6A252DB81D1600802DB0 /* Frameworks */,
				E10C6A262DB81D1600802DB0 /* Resources */,
			);
			buildRules = (
			);
			dependencies = (
				E10C6A2F2DB81D1600802DB0 /* PBXTargetDependency */,
			);
			fileSystemSynchronizedGroups = (
				E10C6A292DB81D1600802DB0 /* ITunesUITests */,
			);
			name = ITunesUITests;
			packageProductDependencies = (
			);
			productName = ITunesUITests;
			productReference = E10C6A282DB81D1600802DB0 /* ITunesUITests.xctest */;
			productType = "com.apple.product-type.bundle.ui-testing";
		};
		E1E03CEE2D21D43200C09C65 /* iTunesUserDefaultsMVC */ = {
			isa = PBXNativeTarget;
			buildConfigurationList = E1E03D022D21D43400C09C65 /* Build configuration list for PBXNativeTarget "iTunesUserDefaultsMVC" */;
			buildPhases = (
				E1E03CEB2D21D43200C09C65 /* Sources */,
				E1E03CEC2D21D43200C09C65 /* Frameworks */,
				E1E03CED2D21D43200C09C65 /* Resources */,
				E1A8181F2D2D752400A199A4 /* ShellScript */,
			);
			buildRules = (
			);
			dependencies = (
			);
			fileSystemSynchronizedGroups = (
				E1E03CF12D21D43200C09C65 /* iTunesUserDefaultsMVC */,
			);
			name = iTunesUserDefaultsMVC;
			packageProductDependencies = (
				E1E03D082D21D47A00C09C65 /* SnapKit */,
			);
			productName = iTunesUserDefaultsMVC;
			productReference = E1E03CEF2D21D43200C09C65 /* iTunesUserDefaultsMVC.app */;
			productType = "com.apple.product-type.application";
		};
/* End PBXNativeTarget section */

/* Begin PBXProject section */
		E1E03CE72D21D43200C09C65 /* Project object */ = {
			isa = PBXProject;
			attributes = {
				BuildIndependentTargetsInParallel = 1;
				LastSwiftUpdateCheck = 1610;
				LastUpgradeCheck = 1610;
				TargetAttributes = {
					E10C6A1A2DB81D0900802DB0 = {
						CreatedOnToolsVersion = 16.1;
						LastSwiftMigration = 1610;
						TestTargetID = E1E03CEE2D21D43200C09C65;
					};
					E10C6A272DB81D1600802DB0 = {
						CreatedOnToolsVersion = 16.1;
						TestTargetID = E1E03CEE2D21D43200C09C65;
					};
					E1E03CEE2D21D43200C09C65 = {
						CreatedOnToolsVersion = 16.1;
					};
				};
			};
			buildConfigurationList = E1E03CEA2D21D43200C09C65 /* Build configuration list for PBXProject "iTunesUserDefaultsMVC" */;
			developmentRegion = en;
			hasScannedForEncodings = 0;
			knownRegions = (
				en,
				Base,
			);
			mainGroup = E1E03CE62D21D43200C09C65;
			minimizedProjectReferenceProxies = 1;
			packageReferences = (
				E1E03D072D21D47A00C09C65 /* XCRemoteSwiftPackageReference "SnapKit" */,
				E13523442DB9250B00A59AE5 /* XCRemoteSwiftPackageReference "swift-snapshot-testing" */,
				E135234B2DB9251A00A59AE5 /* XCRemoteSwiftPackageReference "ViewControllerPresentationSpy" */,
			);
			preferredProjectObjectVersion = 77;
			productRefGroup = E1E03CF02D21D43200C09C65 /* Products */;
			projectDirPath = "";
			projectRoot = "";
			targets = (
				E1E03CEE2D21D43200C09C65 /* iTunesUserDefaultsMVC */,
				E10C6A1A2DB81D0900802DB0 /* ITunesTests */,
				E10C6A272DB81D1600802DB0 /* ITunesUITests */,
			);
		};
/* End PBXProject section */

/* Begin PBXResourcesBuildPhase section */
		E10C6A192DB81D0900802DB0 /* Resources */ = {
			isa = PBXResourcesBuildPhase;
			buildActionMask = 2147483647;
			files = (
			);
			runOnlyForDeploymentPostprocessing = 0;
		};
		E10C6A262DB81D1600802DB0 /* Resources */ = {
			isa = PBXResourcesBuildPhase;
			buildActionMask = 2147483647;
			files = (
			);
			runOnlyForDeploymentPostprocessing = 0;
		};
		E1E03CED2D21D43200C09C65 /* Resources */ = {
			isa = PBXResourcesBuildPhase;
			buildActionMask = 2147483647;
			files = (
			);
			runOnlyForDeploymentPostprocessing = 0;
		};
/* End PBXResourcesBuildPhase section */

/* Begin PBXShellScriptBuildPhase section */
		E1A8181F2D2D752400A199A4 /* ShellScript */ = {
			isa = PBXShellScriptBuildPhase;
			alwaysOutOfDate = 1;
			buildActionMask = 2147483647;
			files = (
			);
			inputFileListPaths = (
			);
			inputPaths = (
			);
			outputFileListPaths = (
			);
			outputPaths = (
			);
			runOnlyForDeploymentPostprocessing = 0;
			shellPath = /bin/sh;
			shellScript = "
";
			showEnvVarsInLog = 0;
		};
/* End PBXShellScriptBuildPhase section */

/* Begin PBXSourcesBuildPhase section */
		E10C6A172DB81D0900802DB0 /* Sources */ = {
			isa = PBXSourcesBuildPhase;
			buildActionMask = 2147483647;
			files = (
			);
			runOnlyForDeploymentPostprocessing = 0;
		};
		E10C6A242DB81D1600802DB0 /* Sources */ = {
			isa = PBXSourcesBuildPhase;
			buildActionMask = 2147483647;
			files = (
			);
			runOnlyForDeploymentPostprocessing = 0;
		};
		E1E03CEB2D21D43200C09C65 /* Sources */ = {
			isa = PBXSourcesBuildPhase;
			buildActionMask = 2147483647;
			files = (
			);
			runOnlyForDeploymentPostprocessing = 0;
		};
/* End PBXSourcesBuildPhase section */

/* Begin PBXTargetDependency section */
		E10C6A202DB81D0900802DB0 /* PBXTargetDependency */ = {
			isa = PBXTargetDependency;
			target = E1E03CEE2D21D43200C09C65 /* iTunesUserDefaultsMVC */;
			targetProxy = E10C6A1F2DB81D0900802DB0 /* PBXContainerItemProxy */;
		};
		E10C6A2F2DB81D1600802DB0 /* PBXTargetDependency */ = {
			isa = PBXTargetDependency;
			target = E1E03CEE2D21D43200C09C65 /* iTunesUserDefaultsMVC */;
			targetProxy = E10C6A2E2DB81D1600802DB0 /* PBXContainerItemProxy */;
		};
/* End PBXTargetDependency section */

/* Begin XCBuildConfiguration section */
		E10C6A222DB81D0900802DB0 /* Debug */ = {
			isa = XCBuildConfiguration;
			buildSettings = {
				BUNDLE_LOADER = "$(TEST_HOST)";
				CLANG_ENABLE_MODULES = YES;
				CODE_SIGN_STYLE = Automatic;
				CURRENT_PROJECT_VERSION = 1;
				DEVELOPMENT_TEAM = QYDD73WSAD;
				ENABLE_USER_SCRIPT_SANDBOXING = YES;
				GENERATE_INFOPLIST_FILE = YES;
				MARKETING_VERSION = 1.0;
				PRODUCT_BUNDLE_IDENTIFIER = ronesta.ITunesTests;
				PRODUCT_NAME = "$(TARGET_NAME)";
				SWIFT_EMIT_LOC_STRINGS = NO;
				SWIFT_OPTIMIZATION_LEVEL = "-Onone";
				SWIFT_VERSION = 5.0;
				TARGETED_DEVICE_FAMILY = "1,2";
				TEST_HOST = "$(BUILT_PRODUCTS_DIR)/iTunesUserDefaultsMVC.app/$(BUNDLE_EXECUTABLE_FOLDER_PATH)/iTunesUserDefaultsMVC";
			};
			name = Debug;
		};
		E10C6A232DB81D0900802DB0 /* Release */ = {
			isa = XCBuildConfiguration;
			buildSettings = {
				BUNDLE_LOADER = "$(TEST_HOST)";
				CLANG_ENABLE_MODULES = YES;
				CODE_SIGN_STYLE = Automatic;
				CURRENT_PROJECT_VERSION = 1;
				DEVELOPMENT_TEAM = QYDD73WSAD;
				ENABLE_USER_SCRIPT_SANDBOXING = YES;
				GENERATE_INFOPLIST_FILE = YES;
				MARKETING_VERSION = 1.0;
				PRODUCT_BUNDLE_IDENTIFIER = ronesta.ITunesTests;
				PRODUCT_NAME = "$(TARGET_NAME)";
				SWIFT_EMIT_LOC_STRINGS = NO;
				SWIFT_VERSION = 5.0;
				TARGETED_DEVICE_FAMILY = "1,2";
				TEST_HOST = "$(BUILT_PRODUCTS_DIR)/iTunesUserDefaultsMVC.app/$(BUNDLE_EXECUTABLE_FOLDER_PATH)/iTunesUserDefaultsMVC";
			};
			name = Release;
		};
		E10C6A312DB81D1600802DB0 /* Debug */ = {
			isa = XCBuildConfiguration;
			buildSettings = {
				CODE_SIGN_STYLE = Automatic;
				CURRENT_PROJECT_VERSION = 1;
				DEVELOPMENT_TEAM = QYDD73WSAD;
				ENABLE_USER_SCRIPT_SANDBOXING = YES;
				GENERATE_INFOPLIST_FILE = YES;
				MARKETING_VERSION = 1.0;
				PRODUCT_BUNDLE_IDENTIFIER = ronesta.ITunesUITests;
				PRODUCT_NAME = "$(TARGET_NAME)";
				SWIFT_EMIT_LOC_STRINGS = NO;
				SWIFT_VERSION = 5.0;
				TARGETED_DEVICE_FAMILY = "1,2";
				TEST_TARGET_NAME = iTunesUserDefaultsMVC;
			};
			name = Debug;
		};
		E10C6A322DB81D1600802DB0 /* Release */ = {
			isa = XCBuildConfiguration;
			buildSettings = {
				CODE_SIGN_STYLE = Automatic;
				CURRENT_PROJECT_VERSION = 1;
				DEVELOPMENT_TEAM = QYDD73WSAD;
				ENABLE_USER_SCRIPT_SANDBOXING = YES;
				GENERATE_INFOPLIST_FILE = YES;
				MARKETING_VERSION = 1.0;
				PRODUCT_BUNDLE_IDENTIFIER = ronesta.ITunesUITests;
				PRODUCT_NAME = "$(TARGET_NAME)";
				SWIFT_EMIT_LOC_STRINGS = NO;
				SWIFT_VERSION = 5.0;
				TARGETED_DEVICE_FAMILY = "1,2";
				TEST_TARGET_NAME = iTunesUserDefaultsMVC;
			};
			name = Release;
		};
		E1E03D032D21D43400C09C65 /* Debug */ = {
			isa = XCBuildConfiguration;
			buildSettings = {
				ASSETCATALOG_COMPILER_APPICON_NAME = AppIcon;
				ASSETCATALOG_COMPILER_GLOBAL_ACCENT_COLOR_NAME = AccentColor;
				CODE_SIGN_STYLE = Automatic;
				CURRENT_PROJECT_VERSION = 1;
				DEVELOPMENT_TEAM = QYDD73WSAD;
				GENERATE_INFOPLIST_FILE = YES;
				INFOPLIST_FILE = iTunesUserDefaultsMVC/Resources/Info.plist;
				INFOPLIST_KEY_UIApplicationSupportsIndirectInputEvents = YES;
				INFOPLIST_KEY_UILaunchStoryboardName = LaunchScreen;
				INFOPLIST_KEY_UISupportedInterfaceOrientations = UIInterfaceOrientationPortrait;
				INFOPLIST_KEY_UISupportedInterfaceOrientations_iPad = "UIInterfaceOrientationLandscapeLeft UIInterfaceOrientationLandscapeRight UIInterfaceOrientationPortrait UIInterfaceOrientationPortraitUpsideDown";
				LD_RUNPATH_SEARCH_PATHS = (
					"$(inherited)",
					"@executable_path/Frameworks",
				);
				MARKETING_VERSION = 1.0;
				PRODUCT_BUNDLE_IDENTIFIER = ronesta.iTunesUserDefaultsMVC;
				PRODUCT_NAME = "$(TARGET_NAME)";
				SUPPORTED_PLATFORMS = "iphoneos iphonesimulator";
				SUPPORTS_MACCATALYST = NO;
				SUPPORTS_MAC_DESIGNED_FOR_IPHONE_IPAD = NO;
				SUPPORTS_XR_DESIGNED_FOR_IPHONE_IPAD = NO;
				SWIFT_EMIT_LOC_STRINGS = YES;
				SWIFT_VERSION = 5.0;
				TARGETED_DEVICE_FAMILY = 1;
			};
			name = Debug;
		};
		E1E03D042D21D43400C09C65 /* Release */ = {
			isa = XCBuildConfiguration;
			buildSettings = {
				ASSETCATALOG_COMPILER_APPICON_NAME = AppIcon;
				ASSETCATALOG_COMPILER_GLOBAL_ACCENT_COLOR_NAME = AccentColor;
				CODE_SIGN_STYLE = Automatic;
				CURRENT_PROJECT_VERSION = 1;
				DEVELOPMENT_TEAM = QYDD73WSAD;
				GENERATE_INFOPLIST_FILE = YES;
				INFOPLIST_FILE = iTunesUserDefaultsMVC/Resources/Info.plist;
				INFOPLIST_KEY_UIApplicationSupportsIndirectInputEvents = YES;
				INFOPLIST_KEY_UILaunchStoryboardName = LaunchScreen;
				INFOPLIST_KEY_UISupportedInterfaceOrientations = UIInterfaceOrientationPortrait;
				INFOPLIST_KEY_UISupportedInterfaceOrientations_iPad = "UIInterfaceOrientationLandscapeLeft UIInterfaceOrientationLandscapeRight UIInterfaceOrientationPortrait UIInterfaceOrientationPortraitUpsideDown";
				LD_RUNPATH_SEARCH_PATHS = (
					"$(inherited)",
					"@executable_path/Frameworks",
				);
				MARKETING_VERSION = 1.0;
				PRODUCT_BUNDLE_IDENTIFIER = ronesta.iTunesUserDefaultsMVC;
				PRODUCT_NAME = "$(TARGET_NAME)";
				SUPPORTED_PLATFORMS = "iphoneos iphonesimulator";
				SUPPORTS_MACCATALYST = NO;
				SUPPORTS_MAC_DESIGNED_FOR_IPHONE_IPAD = NO;
				SUPPORTS_XR_DESIGNED_FOR_IPHONE_IPAD = NO;
				SWIFT_EMIT_LOC_STRINGS = YES;
				SWIFT_VERSION = 5.0;
				TARGETED_DEVICE_FAMILY = 1;
			};
			name = Release;
		};
		E1E03D052D21D43400C09C65 /* Debug */ = {
			isa = XCBuildConfiguration;
			buildSettings = {
				ALWAYS_SEARCH_USER_PATHS = NO;
				ASSETCATALOG_COMPILER_GENERATE_SWIFT_ASSET_SYMBOL_EXTENSIONS = YES;
				CLANG_ANALYZER_NONNULL = YES;
				CLANG_ANALYZER_NUMBER_OBJECT_CONVERSION = YES_AGGRESSIVE;
				CLANG_CXX_LANGUAGE_STANDARD = "gnu++20";
				CLANG_ENABLE_MODULES = YES;
				CLANG_ENABLE_OBJC_ARC = YES;
				CLANG_ENABLE_OBJC_WEAK = YES;
				CLANG_WARN_BLOCK_CAPTURE_AUTORELEASING = YES;
				CLANG_WARN_BOOL_CONVERSION = YES;
				CLANG_WARN_COMMA = YES;
				CLANG_WARN_CONSTANT_CONVERSION = YES;
				CLANG_WARN_DEPRECATED_OBJC_IMPLEMENTATIONS = YES;
				CLANG_WARN_DIRECT_OBJC_ISA_USAGE = YES_ERROR;
				CLANG_WARN_DOCUMENTATION_COMMENTS = YES;
				CLANG_WARN_EMPTY_BODY = YES;
				CLANG_WARN_ENUM_CONVERSION = YES;
				CLANG_WARN_INFINITE_RECURSION = YES;
				CLANG_WARN_INT_CONVERSION = YES;
				CLANG_WARN_NON_LITERAL_NULL_CONVERSION = YES;
				CLANG_WARN_OBJC_IMPLICIT_RETAIN_SELF = YES;
				CLANG_WARN_OBJC_LITERAL_CONVERSION = YES;
				CLANG_WARN_OBJC_ROOT_CLASS = YES_ERROR;
				CLANG_WARN_QUOTED_INCLUDE_IN_FRAMEWORK_HEADER = YES;
				CLANG_WARN_RANGE_LOOP_ANALYSIS = YES;
				CLANG_WARN_STRICT_PROTOTYPES = YES;
				CLANG_WARN_SUSPICIOUS_MOVE = YES;
				CLANG_WARN_UNGUARDED_AVAILABILITY = YES_AGGRESSIVE;
				CLANG_WARN_UNREACHABLE_CODE = YES;
				CLANG_WARN__DUPLICATE_METHOD_MATCH = YES;
				COPY_PHASE_STRIP = NO;
				DEBUG_INFORMATION_FORMAT = dwarf;
				ENABLE_STRICT_OBJC_MSGSEND = YES;
				ENABLE_TESTABILITY = YES;
				ENABLE_USER_SCRIPT_SANDBOXING = NO;
				GCC_C_LANGUAGE_STANDARD = gnu17;
				GCC_DYNAMIC_NO_PIC = NO;
				GCC_NO_COMMON_BLOCKS = YES;
				GCC_OPTIMIZATION_LEVEL = 0;
				GCC_PREPROCESSOR_DEFINITIONS = (
					"DEBUG=1",
					"$(inherited)",
				);
				GCC_WARN_64_TO_32_BIT_CONVERSION = YES;
				GCC_WARN_ABOUT_RETURN_TYPE = YES_ERROR;
				GCC_WARN_UNDECLARED_SELECTOR = YES;
				GCC_WARN_UNINITIALIZED_AUTOS = YES_AGGRESSIVE;
				GCC_WARN_UNUSED_FUNCTION = YES;
				GCC_WARN_UNUSED_VARIABLE = YES;
				IPHONEOS_DEPLOYMENT_TARGET = 18.1;
				LOCALIZATION_PREFERS_STRING_CATALOGS = YES;
				MTL_ENABLE_DEBUG_INFO = INCLUDE_SOURCE;
				MTL_FAST_MATH = YES;
				ONLY_ACTIVE_ARCH = YES;
				SDKROOT = iphoneos;
				SWIFT_ACTIVE_COMPILATION_CONDITIONS = "DEBUG $(inherited)";
				SWIFT_OPTIMIZATION_LEVEL = "-Onone";
			};
			name = Debug;
		};
		E1E03D062D21D43400C09C65 /* Release */ = {
			isa = XCBuildConfiguration;
			buildSettings = {
				ALWAYS_SEARCH_USER_PATHS = NO;
				ASSETCATALOG_COMPILER_GENERATE_SWIFT_ASSET_SYMBOL_EXTENSIONS = YES;
				CLANG_ANALYZER_NONNULL = YES;
				CLANG_ANALYZER_NUMBER_OBJECT_CONVERSION = YES_AGGRESSIVE;
				CLANG_CXX_LANGUAGE_STANDARD = "gnu++20";
				CLANG_ENABLE_MODULES = YES;
				CLANG_ENABLE_OBJC_ARC = YES;
				CLANG_ENABLE_OBJC_WEAK = YES;
				CLANG_WARN_BLOCK_CAPTURE_AUTORELEASING = YES;
				CLANG_WARN_BOOL_CONVERSION = YES;
				CLANG_WARN_COMMA = YES;
				CLANG_WARN_CONSTANT_CONVERSION = YES;
				CLANG_WARN_DEPRECATED_OBJC_IMPLEMENTATIONS = YES;
				CLANG_WARN_DIRECT_OBJC_ISA_USAGE = YES_ERROR;
				CLANG_WARN_DOCUMENTATION_COMMENTS = YES;
				CLANG_WARN_EMPTY_BODY = YES;
				CLANG_WARN_ENUM_CONVERSION = YES;
				CLANG_WARN_INFINITE_RECURSION = YES;
				CLANG_WARN_INT_CONVERSION = YES;
				CLANG_WARN_NON_LITERAL_NULL_CONVERSION = YES;
				CLANG_WARN_OBJC_IMPLICIT_RETAIN_SELF = YES;
				CLANG_WARN_OBJC_LITERAL_CONVERSION = YES;
				CLANG_WARN_OBJC_ROOT_CLASS = YES_ERROR;
				CLANG_WARN_QUOTED_INCLUDE_IN_FRAMEWORK_HEADER = YES;
				CLANG_WARN_RANGE_LOOP_ANALYSIS = YES;
				CLANG_WARN_STRICT_PROTOTYPES = YES;
				CLANG_WARN_SUSPICIOUS_MOVE = YES;
				CLANG_WARN_UNGUARDED_AVAILABILITY = YES_AGGRESSIVE;
				CLANG_WARN_UNREACHABLE_CODE = YES;
				CLANG_WARN__DUPLICATE_METHOD_MATCH = YES;
				COPY_PHASE_STRIP = NO;
				DEBUG_INFORMATION_FORMAT = "dwarf-with-dsym";
				ENABLE_NS_ASSERTIONS = NO;
				ENABLE_STRICT_OBJC_MSGSEND = YES;
				ENABLE_USER_SCRIPT_SANDBOXING = NO;
				GCC_C_LANGUAGE_STANDARD = gnu17;
				GCC_NO_COMMON_BLOCKS = YES;
				GCC_WARN_64_TO_32_BIT_CONVERSION = YES;
				GCC_WARN_ABOUT_RETURN_TYPE = YES_ERROR;
				GCC_WARN_UNDECLARED_SELECTOR = YES;
				GCC_WARN_UNINITIALIZED_AUTOS = YES_AGGRESSIVE;
				GCC_WARN_UNUSED_FUNCTION = YES;
				GCC_WARN_UNUSED_VARIABLE = YES;
				IPHONEOS_DEPLOYMENT_TARGET = 18.1;
				LOCALIZATION_PREFERS_STRING_CATALOGS = YES;
				MTL_ENABLE_DEBUG_INFO = NO;
				MTL_FAST_MATH = YES;
				SDKROOT = iphoneos;
				SWIFT_COMPILATION_MODE = wholemodule;
				VALIDATE_PRODUCT = YES;
			};
			name = Release;
		};
/* End XCBuildConfiguration section */

/* Begin XCConfigurationList section */
		E10C6A212DB81D0900802DB0 /* Build configuration list for PBXNativeTarget "ITunesTests" */ = {
			isa = XCConfigurationList;
			buildConfigurations = (
				E10C6A222DB81D0900802DB0 /* Debug */,
				E10C6A232DB81D0900802DB0 /* Release */,
			);
			defaultConfigurationIsVisible = 0;
			defaultConfigurationName = Release;
		};
		E10C6A302DB81D1600802DB0 /* Build configuration list for PBXNativeTarget "ITunesUITests" */ = {
			isa = XCConfigurationList;
			buildConfigurations = (
				E10C6A312DB81D1600802DB0 /* Debug */,
				E10C6A322DB81D1600802DB0 /* Release */,
			);
			defaultConfigurationIsVisible = 0;
			defaultConfigurationName = Release;
		};
		E1E03CEA2D21D43200C09C65 /* Build configuration list for PBXProject "iTunesUserDefaultsMVC" */ = {
			isa = XCConfigurationList;
			buildConfigurations = (
				E1E03D052D21D43400C09C65 /* Debug */,
				E1E03D062D21D43400C09C65 /* Release */,
			);
			defaultConfigurationIsVisible = 0;
			defaultConfigurationName = Release;
		};
		E1E03D022D21D43400C09C65 /* Build configuration list for PBXNativeTarget "iTunesUserDefaultsMVC" */ = {
			isa = XCConfigurationList;
			buildConfigurations = (
				E1E03D032D21D43400C09C65 /* Debug */,
				E1E03D042D21D43400C09C65 /* Release */,
			);
			defaultConfigurationIsVisible = 0;
			defaultConfigurationName = Release;
		};
/* End XCConfigurationList section */

/* Begin XCRemoteSwiftPackageReference section */
		E13523442DB9250B00A59AE5 /* XCRemoteSwiftPackageReference "swift-snapshot-testing" */ = {
			isa = XCRemoteSwiftPackageReference;
			repositoryURL = "https://github.com/pointfreeco/swift-snapshot-testing";
			requirement = {
				kind = upToNextMajorVersion;
				minimumVersion = 1.18.3;
			};
		};
		E135234B2DB9251A00A59AE5 /* XCRemoteSwiftPackageReference "ViewControllerPresentationSpy" */ = {
			isa = XCRemoteSwiftPackageReference;
			repositoryURL = "https://github.com/jonreid/ViewControllerPresentationSpy";
			requirement = {
				branch = main;
				kind = branch;
			};
		};
		E1E03D072D21D47A00C09C65 /* XCRemoteSwiftPackageReference "SnapKit" */ = {
			isa = XCRemoteSwiftPackageReference;
			repositoryURL = "https://github.com/SnapKit/SnapKit";
			requirement = {
				kind = upToNextMajorVersion;
				minimumVersion = 5.7.1;
			};
		};
/* End XCRemoteSwiftPackageReference section */

/* Begin XCSwiftPackageProductDependency section */
		E13523452DB9250B00A59AE5 /* InlineSnapshotTesting */ = {
			isa = XCSwiftPackageProductDependency;
			package = E13523442DB9250B00A59AE5 /* XCRemoteSwiftPackageReference "swift-snapshot-testing" */;
			productName = InlineSnapshotTesting;
		};
		E13523472DB9250B00A59AE5 /* SnapshotTesting */ = {
			isa = XCSwiftPackageProductDependency;
			package = E13523442DB9250B00A59AE5 /* XCRemoteSwiftPackageReference "swift-snapshot-testing" */;
			productName = SnapshotTesting;
		};
		E13523492DB9250B00A59AE5 /* SnapshotTestingCustomDump */ = {
			isa = XCSwiftPackageProductDependency;
			package = E13523442DB9250B00A59AE5 /* XCRemoteSwiftPackageReference "swift-snapshot-testing" */;
			productName = SnapshotTestingCustomDump;
		};
		E135234C2DB9251A00A59AE5 /* ViewControllerPresentationSpy */ = {
			isa = XCSwiftPackageProductDependency;
			package = E135234B2DB9251A00A59AE5 /* XCRemoteSwiftPackageReference "ViewControllerPresentationSpy" */;
			productName = ViewControllerPresentationSpy;
		};
		E1E03D082D21D47A00C09C65 /* SnapKit */ = {
			isa = XCSwiftPackageProductDependency;
			package = E1E03D072D21D47A00C09C65 /* XCRemoteSwiftPackageReference "SnapKit" */;
			productName = SnapKit;
		};
/* End XCSwiftPackageProductDependency section */
	};
	rootObject = E1E03CE72D21D43200C09C65 /* Project object */;
}
